github.com/evanphx/json-patch v5.7.0+incompatible h1:vgGkfT/9f8zE6tvSCe74nfpAVDQ2tG6yudJd8LBksgI=
github.com/evanphx/json-patch v5.7.0+incompatible/go.mod h1:50XU6AFN0ol/bzJsmQLiYLvXMP4fmwYFNcr97nuDLSk=
github.com/pkg/errors v0.9.1 h1:FEBLx1zS214owpjy7qsBeixbURkuhQAwrK5UwLGTwt4=
github.com/pkg/errors v0.9.1/go.mod h1:bwawxfHBFNV+L2hUp1rHADufV3IMtnDRdf1r5NINEl0=
